
Microsoft Visual Studio Solution File, Format Version 12.00
# Visual Studio Version 16
VisualStudioVersion = 16.0.29806.167
MinimumVisualStudioVersion = 10.0.40219.1
Project("{FAE04EC0-301F-11D3-BF4B-00C04F79EFBC}") = "Escher", "Escher\Escher.csproj", "{32F7DE77-266B-401E-A82A-1BF74E5D1501}"
EndProject
Global
	GlobalSection(SolutionConfigurationPlatforms) = preSolution
		Debug|Any CPU = Debug|Any CPU
		Release|Any CPU = Release|Any CPU
	EndGlobalSection
	GlobalSection(ProjectConfigurationPlatforms) = postSolution
		{32F7DE77-266B-401E-A82A-1BF74E5D1501}.Debug|Any CPU.ActiveCfg = Debug|Any CPU
		{32F7DE77-266B-401E-A82A-1BF74E5D1501}.Debug|Any CPU.Build.0 = Debug|Any CPU
		{32F7DE77-266B-401E-A82A-1BF74E5D1501}.Release|Any CPU.ActiveCfg = Release|Any CPU
		{32F7DE77-266B-401E-A82A-1BF74E5D1501}.Release|Any CPU.Build.0 = Release|Any CPU
	EndGlobalSection
	GlobalSection(SolutionProperties) = preSolution
		HideSolutionNode = FALSE
	EndGlobalSection
	GlobalSection(ExtensibilityGlobals) = postSolution
		SolutionGuid = {717ABBCA-0045-48A3-9B98-C41BEBD3EF9D}
	EndGlobalSection
EndGlobal
